// !$*UTF8*$!
{
	archiveVersion = 1;
	classes = {
	};
	objectVersion = 55;
	objects = {

/* Begin PBXBuildFile section */
		5B38CEC8273FD771003376CC /* RemasteredApp.swift in Sources */ = {isa = PBXBuildFile; fileRef = 5B38CEC7273FD771003376CC /* RemasteredApp.swift */; };
		5B38CECA273FD771003376CC /* AppView.swift in Sources */ = {isa = PBXBuildFile; fileRef = 5B38CEC9273FD771003376CC /* AppView.swift */; };
		5B38CECC273FD772003376CC /* Assets.xcassets in Resources */ = {isa = PBXBuildFile; fileRef = 5B38CECB273FD772003376CC /* Assets.xcassets */; };
		5B38CECF273FD772003376CC /* Preview Assets.xcassets in Resources */ = {isa = PBXBuildFile; fileRef = 5B38CECE273FD772003376CC /* Preview Assets.xcassets */; };
		5B38CED7273FD804003376CC /* ComposableArchitecture in Frameworks */ = {isa = PBXBuildFile; productRef = 5B38CED6273FD804003376CC /* ComposableArchitecture */; };
		5B38CED9273FD823003376CC /* AppState.swift in Sources */ = {isa = PBXBuildFile; fileRef = 5B38CED8273FD823003376CC /* AppState.swift */; };
		5B38CEDB273FD959003376CC /* AuthorizationService.swift in Sources */ = {isa = PBXBuildFile; fileRef = 5B38CEDA273FD959003376CC /* AuthorizationService.swift */; };
		5B38CEDD273FDE6A003376CC /* AppAction.swift in Sources */ = {isa = PBXBuildFile; fileRef = 5B38CEDC273FDE6A003376CC /* AppAction.swift */; };
		5B38CEDF273FDE71003376CC /* AppEnvironment.swift in Sources */ = {isa = PBXBuildFile; fileRef = 5B38CEDE273FDE71003376CC /* AppEnvironment.swift */; };
		5B38CEE1273FDE7A003376CC /* AppReducer.swift in Sources */ = {isa = PBXBuildFile; fileRef = 5B38CEE0273FDE7A003376CC /* AppReducer.swift */; };
		5B38CEE4274019D5003376CC /* LibraryView.swift in Sources */ = {isa = PBXBuildFile; fileRef = 5B38CEE3274019D5003376CC /* LibraryView.swift */; };
		5B38CEE72740231C003376CC /* LibraryState.swift in Sources */ = {isa = PBXBuildFile; fileRef = 5B38CEE62740231C003376CC /* LibraryState.swift */; };
		5B38CEE927402323003376CC /* LibraryAction.swift in Sources */ = {isa = PBXBuildFile; fileRef = 5B38CEE827402323003376CC /* LibraryAction.swift */; };
		5B38CEEB2740232C003376CC /* LibraryEnvironment.swift in Sources */ = {isa = PBXBuildFile; fileRef = 5B38CEEA2740232C003376CC /* LibraryEnvironment.swift */; };
		5B38CEED27402332003376CC /* LibraryReducer.swift in Sources */ = {isa = PBXBuildFile; fileRef = 5B38CEEC27402332003376CC /* LibraryReducer.swift */; };
		5B38CEEF2740234C003376CC /* LibraryService.swift in Sources */ = {isa = PBXBuildFile; fileRef = 5B38CEEE2740234C003376CC /* LibraryService.swift */; };
		5B38CEF3274023D9003376CC /* LibraryAlbum.swift in Sources */ = {isa = PBXBuildFile; fileRef = 5B38CEF2274023D9003376CC /* LibraryAlbum.swift */; };
/* End PBXBuildFile section */

/* Begin PBXFileReference section */
		5B38CEC4273FD771003376CC /* Remastered.app */ = {isa = PBXFileReference; explicitFileType = wrapper.application; includeInIndex = 0; path = Remastered.app; sourceTree = BUILT_PRODUCTS_DIR; };
		5B38CEC7273FD771003376CC /* RemasteredApp.swift */ = {isa = PBXFileReference; lastKnownFileType = sourcecode.swift; path = RemasteredApp.swift; sourceTree = "<group>"; };
		5B38CEC9273FD771003376CC /* AppView.swift */ = {isa = PBXFileReference; lastKnownFileType = sourcecode.swift; path = AppView.swift; sourceTree = "<group>"; };
		5B38CECB273FD772003376CC /* Assets.xcassets */ = {isa = PBXFileReference; lastKnownFileType = folder.assetcatalog; path = Assets.xcassets; sourceTree = "<group>"; };
		5B38CECE273FD772003376CC /* Preview Assets.xcassets */ = {isa = PBXFileReference; lastKnownFileType = folder.assetcatalog; path = "Preview Assets.xcassets"; sourceTree = "<group>"; };
		5B38CED8273FD823003376CC /* AppState.swift */ = {isa = PBXFileReference; lastKnownFileType = sourcecode.swift; path = AppState.swift; sourceTree = "<group>"; };
		5B38CEDA273FD959003376CC /* AuthorizationService.swift */ = {isa = PBXFileReference; lastKnownFileType = sourcecode.swift; path = AuthorizationService.swift; sourceTree = "<group>"; };
		5B38CEDC273FDE6A003376CC /* AppAction.swift */ = {isa = PBXFileReference; lastKnownFileType = sourcecode.swift; path = AppAction.swift; sourceTree = "<group>"; };
		5B38CEDE273FDE71003376CC /* AppEnvironment.swift */ = {isa = PBXFileReference; lastKnownFileType = sourcecode.swift; path = AppEnvironment.swift; sourceTree = "<group>"; };
		5B38CEE0273FDE7A003376CC /* AppReducer.swift */ = {isa = PBXFileReference; lastKnownFileType = sourcecode.swift; path = AppReducer.swift; sourceTree = "<group>"; };
		5B38CEE3274019D5003376CC /* LibraryView.swift */ = {isa = PBXFileReference; lastKnownFileType = sourcecode.swift; path = LibraryView.swift; sourceTree = "<group>"; };
		5B38CEE62740231C003376CC /* LibraryState.swift */ = {isa = PBXFileReference; lastKnownFileType = sourcecode.swift; path = LibraryState.swift; sourceTree = "<group>"; };
		5B38CEE827402323003376CC /* LibraryAction.swift */ = {isa = PBXFileReference; lastKnownFileType = sourcecode.swift; path = LibraryAction.swift; sourceTree = "<group>"; };
		5B38CEEA2740232C003376CC /* LibraryEnvironment.swift */ = {isa = PBXFileReference; lastKnownFileType = sourcecode.swift; path = LibraryEnvironment.swift; sourceTree = "<group>"; };
		5B38CEEC27402332003376CC /* LibraryReducer.swift */ = {isa = PBXFileReference; lastKnownFileType = sourcecode.swift; path = LibraryReducer.swift; sourceTree = "<group>"; };
		5B38CEEE2740234C003376CC /* LibraryService.swift */ = {isa = PBXFileReference; lastKnownFileType = sourcecode.swift; path = LibraryService.swift; sourceTree = "<group>"; };
		5B38CEF2274023D9003376CC /* LibraryAlbum.swift */ = {isa = PBXFileReference; lastKnownFileType = sourcecode.swift; path = LibraryAlbum.swift; sourceTree = "<group>"; };
/* End PBXFileReference section */

/* Begin PBXFrameworksBuildPhase section */
		5B38CEC1273FD771003376CC /* Frameworks */ = {
			isa = PBXFrameworksBuildPhase;
			buildActionMask = 2147483647;
			files = (
				5B38CED7273FD804003376CC /* ComposableArchitecture in Frameworks */,
			);
			runOnlyForDeploymentPostprocessing = 0;
		};
/* End PBXFrameworksBuildPhase section */

/* Begin PBXGroup section */
		5B38CEBB273FD771003376CC = {
			isa = PBXGroup;
			children = (
				5B38CEC6273FD771003376CC /* Remastered */,
				5B38CEC5273FD771003376CC /* Products */,
			);
			sourceTree = "<group>";
		};
		5B38CEC5273FD771003376CC /* Products */ = {
			isa = PBXGroup;
			children = (
				5B38CEC4273FD771003376CC /* Remastered.app */,
			);
			name = Products;
			sourceTree = "<group>";
		};
		5B38CEC6273FD771003376CC /* Remastered */ = {
			isa = PBXGroup;
			children = (
				5B38CEC7273FD771003376CC /* RemasteredApp.swift */,
				5B38CEE2273FDE80003376CC /* App */,
				5B38CEE527402309003376CC /* Library */,
				5B38CECB273FD772003376CC /* Assets.xcassets */,
				5B38CECD273FD772003376CC /* Preview Content */,
			);
			path = Remastered;
			sourceTree = "<group>";
		};
		5B38CECD273FD772003376CC /* Preview Content */ = {
			isa = PBXGroup;
			children = (
				5B38CECE273FD772003376CC /* Preview Assets.xcassets */,
			);
			path = "Preview Content";
			sourceTree = "<group>";
		};
		5B38CEE2273FDE80003376CC /* App */ = {
			isa = PBXGroup;
			children = (
				5B38CEF1274023C8003376CC /* TCA */,
				5B38CEC9273FD771003376CC /* AppView.swift */,
				5B38CEDA273FD959003376CC /* AuthorizationService.swift */,
			);
			path = App;
			sourceTree = "<group>";
		};
		5B38CEE527402309003376CC /* Library */ = {
			isa = PBXGroup;
			children = (
				5B38CEF0274023BF003376CC /* TCA */,
				5B38CEF427402464003376CC /* Models */,
				5B38CEE3274019D5003376CC /* LibraryView.swift */,
				5B38CEEE2740234C003376CC /* LibraryService.swift */,
			);
			path = Library;
			sourceTree = "<group>";
		};
		5B38CEF0274023BF003376CC /* TCA */ = {
			isa = PBXGroup;
			children = (
				5B38CEE62740231C003376CC /* LibraryState.swift */,
				5B38CEE827402323003376CC /* LibraryAction.swift */,
				5B38CEEA2740232C003376CC /* LibraryEnvironment.swift */,
				5B38CEEC27402332003376CC /* LibraryReducer.swift */,
			);
			path = TCA;
			sourceTree = "<group>";
		};
		5B38CEF1274023C8003376CC /* TCA */ = {
			isa = PBXGroup;
			children = (
				5B38CED8273FD823003376CC /* AppState.swift */,
				5B38CEDC273FDE6A003376CC /* AppAction.swift */,
				5B38CEDE273FDE71003376CC /* AppEnvironment.swift */,
				5B38CEE0273FDE7A003376CC /* AppReducer.swift */,
			);
			path = TCA;
			sourceTree = "<group>";
		};
		5B38CEF427402464003376CC /* Models */ = {
			isa = PBXGroup;
			children = (
				5B38CEF2274023D9003376CC /* LibraryAlbum.swift */,
			);
			path = Models;
			sourceTree = "<group>";
		};
/* End PBXGroup section */

/* Begin PBXNativeTarget section */
		5B38CEC3273FD771003376CC /* Remastered */ = {
			isa = PBXNativeTarget;
			buildConfigurationList = 5B38CED2273FD772003376CC /* Build configuration list for PBXNativeTarget "Remastered" */;
			buildPhases = (
				5B38CEC0273FD771003376CC /* Sources */,
				5B38CEC1273FD771003376CC /* Frameworks */,
				5B38CEC2273FD771003376CC /* Resources */,
			);
			buildRules = (
			);
			dependencies = (
			);
			name = Remastered;
			packageProductDependencies = (
				5B38CED6273FD804003376CC /* ComposableArchitecture */,
			);
			productName = Remastered;
			productReference = 5B38CEC4273FD771003376CC /* Remastered.app */;
			productType = "com.apple.product-type.application";
		};
/* End PBXNativeTarget section */

/* Begin PBXProject section */
		5B38CEBC273FD771003376CC /* Project object */ = {
			isa = PBXProject;
			attributes = {
				BuildIndependentTargetsInParallel = 1;
				LastSwiftUpdateCheck = 1310;
				LastUpgradeCheck = 1310;
				TargetAttributes = {
					5B38CEC3273FD771003376CC = {
						CreatedOnToolsVersion = 13.1;
					};
				};
			};
			buildConfigurationList = 5B38CEBF273FD771003376CC /* Build configuration list for PBXProject "Remastered" */;
			compatibilityVersion = "Xcode 13.0";
			developmentRegion = en;
			hasScannedForEncodings = 0;
			knownRegions = (
				en,
				Base,
			);
			mainGroup = 5B38CEBB273FD771003376CC;
			packageReferences = (
				5B38CED5273FD804003376CC /* XCRemoteSwiftPackageReference "swift-composable-architecture" */,
			);
			productRefGroup = 5B38CEC5273FD771003376CC /* Products */;
			projectDirPath = "";
			projectRoot = "";
			targets = (
				5B38CEC3273FD771003376CC /* Remastered */,
			);
		};
/* End PBXProject section */

/* Begin PBXResourcesBuildPhase section */
		5B38CEC2273FD771003376CC /* Resources */ = {
			isa = PBXResourcesBuildPhase;
			buildActionMask = 2147483647;
			files = (
				5B38CECF273FD772003376CC /* Preview Assets.xcassets in Resources */,
				5B38CECC273FD772003376CC /* Assets.xcassets in Resources */,
			);
			runOnlyForDeploymentPostprocessing = 0;
		};
/* End PBXResourcesBuildPhase section */

/* Begin PBXSourcesBuildPhase section */
		5B38CEC0273FD771003376CC /* Sources */ = {
			isa = PBXSourcesBuildPhase;
			buildActionMask = 2147483647;
			files = (
				5B38CED9273FD823003376CC /* AppState.swift in Sources */,
				5B38CEF3274023D9003376CC /* LibraryAlbum.swift in Sources */,
				5B38CEE72740231C003376CC /* LibraryState.swift in Sources */,
				5B38CECA273FD771003376CC /* AppView.swift in Sources */,
				5B38CEEF2740234C003376CC /* LibraryService.swift in Sources */,
				5B38CEE1273FDE7A003376CC /* AppReducer.swift in Sources */,
				5B38CEEB2740232C003376CC /* LibraryEnvironment.swift in Sources */,
				5B38CEDD273FDE6A003376CC /* AppAction.swift in Sources */,
				5B38CEE927402323003376CC /* LibraryAction.swift in Sources */,
				5B38CEE4274019D5003376CC /* LibraryView.swift in Sources */,
				5B38CEC8273FD771003376CC /* RemasteredApp.swift in Sources */,
				5B38CEDB273FD959003376CC /* AuthorizationService.swift in Sources */,
				5B38CEED27402332003376CC /* LibraryReducer.swift in Sources */,
				5B38CEDF273FDE71003376CC /* AppEnvironment.swift in Sources */,
			);
			runOnlyForDeploymentPostprocessing = 0;
		};
/* End PBXSourcesBuildPhase section */

/* Begin XCBuildConfiguration section */
		5B38CED0273FD772003376CC /* Debug */ = {
			isa = XCBuildConfiguration;
			buildSettings = {
				ALWAYS_SEARCH_USER_PATHS = NO;
				CLANG_ANALYZER_NONNULL = YES;
				CLANG_ANALYZER_NUMBER_OBJECT_CONVERSION = YES_AGGRESSIVE;
				CLANG_CXX_LANGUAGE_STANDARD = "gnu++17";
				CLANG_CXX_LIBRARY = "libc++";
				CLANG_ENABLE_MODULES = YES;
				CLANG_ENABLE_OBJC_ARC = YES;
				CLANG_ENABLE_OBJC_WEAK = YES;
				CLANG_WARN_BLOCK_CAPTURE_AUTORELEASING = YES;
				CLANG_WARN_BOOL_CONVERSION = YES;
				CLANG_WARN_COMMA = YES;
				CLANG_WARN_CONSTANT_CONVERSION = YES;
				CLANG_WARN_DEPRECATED_OBJC_IMPLEMENTATIONS = YES;
				CLANG_WARN_DIRECT_OBJC_ISA_USAGE = YES_ERROR;
				CLANG_WARN_DOCUMENTATION_COMMENTS = YES;
				CLANG_WARN_EMPTY_BODY = YES;
				CLANG_WARN_ENUM_CONVERSION = YES;
				CLANG_WARN_INFINITE_RECURSION = YES;
				CLANG_WARN_INT_CONVERSION = YES;
				CLANG_WARN_NON_LITERAL_NULL_CONVERSION = YES;
				CLANG_WARN_OBJC_IMPLICIT_RETAIN_SELF = YES;
				CLANG_WARN_OBJC_LITERAL_CONVERSION = YES;
				CLANG_WARN_OBJC_ROOT_CLASS = YES_ERROR;
				CLANG_WARN_QUOTED_INCLUDE_IN_FRAMEWORK_HEADER = YES;
				CLANG_WARN_RANGE_LOOP_ANALYSIS = YES;
				CLANG_WARN_STRICT_PROTOTYPES = YES;
				CLANG_WARN_SUSPICIOUS_MOVE = YES;
				CLANG_WARN_UNGUARDED_AVAILABILITY = YES_AGGRESSIVE;
				CLANG_WARN_UNREACHABLE_CODE = YES;
				CLANG_WARN__DUPLICATE_METHOD_MATCH = YES;
				COPY_PHASE_STRIP = NO;
				DEBUG_INFORMATION_FORMAT = dwarf;
				ENABLE_STRICT_OBJC_MSGSEND = YES;
				ENABLE_TESTABILITY = YES;
				GCC_C_LANGUAGE_STANDARD = gnu11;
				GCC_DYNAMIC_NO_PIC = NO;
				GCC_NO_COMMON_BLOCKS = YES;
				GCC_OPTIMIZATION_LEVEL = 0;
				GCC_PREPROCESSOR_DEFINITIONS = (
					"DEBUG=1",
					"$(inherited)",
				);
				GCC_WARN_64_TO_32_BIT_CONVERSION = YES;
				GCC_WARN_ABOUT_RETURN_TYPE = YES_ERROR;
				GCC_WARN_UNDECLARED_SELECTOR = YES;
				GCC_WARN_UNINITIALIZED_AUTOS = YES_AGGRESSIVE;
				GCC_WARN_UNUSED_FUNCTION = YES;
				GCC_WARN_UNUSED_VARIABLE = YES;
				IPHONEOS_DEPLOYMENT_TARGET = 15.0;
				MTL_ENABLE_DEBUG_INFO = INCLUDE_SOURCE;
				MTL_FAST_MATH = YES;
				ONLY_ACTIVE_ARCH = YES;
				SDKROOT = iphoneos;
				SWIFT_ACTIVE_COMPILATION_CONDITIONS = DEBUG;
				SWIFT_OPTIMIZATION_LEVEL = "-Onone";
			};
			name = Debug;
		};
		5B38CED1273FD772003376CC /* Release */ = {
			isa = XCBuildConfiguration;
			buildSettings = {
				ALWAYS_SEARCH_USER_PATHS = NO;
				CLANG_ANALYZER_NONNULL = YES;
				CLANG_ANALYZER_NUMBER_OBJECT_CONVERSION = YES_AGGRESSIVE;
				CLANG_CXX_LANGUAGE_STANDARD = "gnu++17";
				CLANG_CXX_LIBRARY = "libc++";
				CLANG_ENABLE_MODULES = YES;
				CLANG_ENABLE_OBJC_ARC = YES;
				CLANG_ENABLE_OBJC_WEAK = YES;
				CLANG_WARN_BLOCK_CAPTURE_AUTORELEASING = YES;
				CLANG_WARN_BOOL_CONVERSION = YES;
				CLANG_WARN_COMMA = YES;
				CLANG_WARN_CONSTANT_CONVERSION = YES;
				CLANG_WARN_DEPRECATED_OBJC_IMPLEMENTATIONS = YES;
				CLANG_WARN_DIRECT_OBJC_ISA_USAGE = YES_ERROR;
				CLANG_WARN_DOCUMENTATION_COMMENTS = YES;
				CLANG_WARN_EMPTY_BODY = YES;
				CLANG_WARN_ENUM_CONVERSION = YES;
				CLANG_WARN_INFINITE_RECURSION = YES;
				CLANG_WARN_INT_CONVERSION = YES;
				CLANG_WARN_NON_LITERAL_NULL_CONVERSION = YES;
				CLANG_WARN_OBJC_IMPLICIT_RETAIN_SELF = YES;
				CLANG_WARN_OBJC_LITERAL_CONVERSION = YES;
				CLANG_WARN_OBJC_ROOT_CLASS = YES_ERROR;
				CLANG_WARN_QUOTED_INCLUDE_IN_FRAMEWORK_HEADER = YES;
				CLANG_WARN_RANGE_LOOP_ANALYSIS = YES;
				CLANG_WARN_STRICT_PROTOTYPES = YES;
				CLANG_WARN_SUSPICIOUS_MOVE = YES;
				CLANG_WARN_UNGUARDED_AVAILABILITY = YES_AGGRESSIVE;
				CLANG_WARN_UNREACHABLE_CODE = YES;
				CLANG_WARN__DUPLICATE_METHOD_MATCH = YES;
				COPY_PHASE_STRIP = NO;
				DEBUG_INFORMATION_FORMAT = "dwarf-with-dsym";
				ENABLE_NS_ASSERTIONS = NO;
				ENABLE_STRICT_OBJC_MSGSEND = YES;
				GCC_C_LANGUAGE_STANDARD = gnu11;
				GCC_NO_COMMON_BLOCKS = YES;
				GCC_WARN_64_TO_32_BIT_CONVERSION = YES;
				GCC_WARN_ABOUT_RETURN_TYPE = YES_ERROR;
				GCC_WARN_UNDECLARED_SELECTOR = YES;
				GCC_WARN_UNINITIALIZED_AUTOS = YES_AGGRESSIVE;
				GCC_WARN_UNUSED_FUNCTION = YES;
				GCC_WARN_UNUSED_VARIABLE = YES;
				IPHONEOS_DEPLOYMENT_TARGET = 15.0;
				MTL_ENABLE_DEBUG_INFO = NO;
				MTL_FAST_MATH = YES;
				SDKROOT = iphoneos;
				SWIFT_COMPILATION_MODE = wholemodule;
				SWIFT_OPTIMIZATION_LEVEL = "-O";
				VALIDATE_PRODUCT = YES;
			};
			name = Release;
		};
		5B38CED3273FD772003376CC /* Debug */ = {
			isa = XCBuildConfiguration;
			buildSettings = {
				ASSETCATALOG_COMPILER_APPICON_NAME = AppIcon;
				ASSETCATALOG_COMPILER_GLOBAL_ACCENT_COLOR_NAME = AccentColor;
				CODE_SIGN_STYLE = Automatic;
				CURRENT_PROJECT_VERSION = 1;
				DEVELOPMENT_ASSET_PATHS = "\"Remastered/Preview Content\"";
				DEVELOPMENT_TEAM = SRTZB38F2W;
				ENABLE_PREVIEWS = YES;
				GENERATE_INFOPLIST_FILE = YES;
				INFOPLIST_KEY_NSAppleMusicUsageDescription = "Music library data is used to display and play playlists.";
				INFOPLIST_KEY_UIApplicationSceneManifest_Generation = YES;
				INFOPLIST_KEY_UIApplicationSupportsIndirectInputEvents = YES;
				INFOPLIST_KEY_UILaunchScreen_Generation = YES;
				INFOPLIST_KEY_UISupportedInterfaceOrientations_iPad = "UIInterfaceOrientationPortrait UIInterfaceOrientationPortraitUpsideDown UIInterfaceOrientationLandscapeLeft UIInterfaceOrientationLandscapeRight";
				INFOPLIST_KEY_UISupportedInterfaceOrientations_iPhone = "UIInterfaceOrientationPortrait UIInterfaceOrientationLandscapeLeft UIInterfaceOrientationLandscapeRight";
				LD_RUNPATH_SEARCH_PATHS = (
					"$(inherited)",
					"@executable_path/Frameworks",
				);
				MARKETING_VERSION = 1.0;
				PRODUCT_BUNDLE_IDENTIFIER = com.martinlist.Remastered;
				PRODUCT_NAME = "$(TARGET_NAME)";
				SWIFT_EMIT_LOC_STRINGS = YES;
				SWIFT_VERSION = 5.0;
				TARGETED_DEVICE_FAMILY = "1,2";
			};
			name = Debug;
		};
		5B38CED4273FD772003376CC /* Release */ = {
			isa = XCBuildConfiguration;
			buildSettings = {
				ASSETCATALOG_COMPILER_APPICON_NAME = AppIcon;
				ASSETCATALOG_COMPILER_GLOBAL_ACCENT_COLOR_NAME = AccentColor;
				CODE_SIGN_STYLE = Automatic;
				CURRENT_PROJECT_VERSION = 1;
				DEVELOPMENT_ASSET_PATHS = "\"Remastered/Preview Content\"";
				DEVELOPMENT_TEAM = SRTZB38F2W;
				ENABLE_PREVIEWS = YES;
				GENERATE_INFOPLIST_FILE = YES;
				INFOPLIST_KEY_NSAppleMusicUsageDescription = "Music library data is used to display and play playlists.";
				INFOPLIST_KEY_UIApplicationSceneManifest_Generation = YES;
				INFOPLIST_KEY_UIApplicationSupportsIndirectInputEvents = YES;
				INFOPLIST_KEY_UILaunchScreen_Generation = YES;
				INFOPLIST_KEY_UISupportedInterfaceOrientations_iPad = "UIInterfaceOrientationPortrait UIInterfaceOrientationPortraitUpsideDown UIInterfaceOrientationLandscapeLeft UIInterfaceOrientationLandscapeRight";
				INFOPLIST_KEY_UISupportedInterfaceOrientations_iPhone = "UIInterfaceOrientationPortrait UIInterfaceOrientationLandscapeLeft UIInterfaceOrientationLandscapeRight";
				LD_RUNPATH_SEARCH_PATHS = (
					"$(inherited)",
					"@executable_path/Frameworks",
				);
				MARKETING_VERSION = 1.0;
				PRODUCT_BUNDLE_IDENTIFIER = com.martinlist.Remastered;
				PRODUCT_NAME = "$(TARGET_NAME)";
				SWIFT_EMIT_LOC_STRINGS = YES;
				SWIFT_VERSION = 5.0;
				TARGETED_DEVICE_FAMILY = "1,2";
			};
			name = Release;
		};
/* End XCBuildConfiguration section */

/* Begin XCConfigurationList section */
		5B38CEBF273FD771003376CC /* Build configuration list for PBXProject "Remastered" */ = {
			isa = XCConfigurationList;
			buildConfigurations = (
				5B38CED0273FD772003376CC /* Debug */,
				5B38CED1273FD772003376CC /* Release */,
			);
			defaultConfigurationIsVisible = 0;
			defaultConfigurationName = Release;
		};
		5B38CED2273FD772003376CC /* Build configuration list for PBXNativeTarget "Remastered" */ = {
			isa = XCConfigurationList;
			buildConfigurations = (
				5B38CED3273FD772003376CC /* Debug */,
				5B38CED4273FD772003376CC /* Release */,
			);
			defaultConfigurationIsVisible = 0;
			defaultConfigurationName = Release;
		};
/* End XCConfigurationList section */

/* Begin XCRemoteSwiftPackageReference section */
		5B38CED5273FD804003376CC /* XCRemoteSwiftPackageReference "swift-composable-architecture" */ = {
			isa = XCRemoteSwiftPackageReference;
			repositoryURL = "https://github.com/pointfreeco/swift-composable-architecture";
			requirement = {
				branch = main;
				kind = branch;
			};
		};
/* End XCRemoteSwiftPackageReference section */

/* Begin XCSwiftPackageProductDependency section */
		5B38CED6273FD804003376CC /* ComposableArchitecture */ = {
			isa = XCSwiftPackageProductDependency;
			package = 5B38CED5273FD804003376CC /* XCRemoteSwiftPackageReference "swift-composable-architecture" */;
			productName = ComposableArchitecture;
		};
/* End XCSwiftPackageProductDependency section */
	};
	rootObject = 5B38CEBC273FD771003376CC /* Project object */;
}
